Microsoft Visual Studio Solution File, Format Version 11.00
# Visual Studio 2008

Project("{DF00C78A-8F0F-813F-CAC3-A7CA3359E8D5}") = "SARBUnity", "Assembly-CSharp.csproj", "{DAA76D19-A4F0-2CA3-F11D-0ED616297FFD}"
EndProject
Global
	GlobalSection(SolutionConfigurationPlatforms) = preSolution
		Debug|Any CPU = Debug|Any CPU
		Release|Any CPU = Release|Any CPU
	EndGlobalSection
	GlobalSection(ProjectConfigurationPlatforms) = postSolution
		{DAA76D19-A4F0-2CA3-F11D-0ED616297FFD}.Debug|Any CPU.ActiveCfg = Debug|Any CPU
		{DAA76D19-A4F0-2CA3-F11D-0ED616297FFD}.Debug|Any CPU.Build.0 = Debug|Any CPU
		{DAA76D19-A4F0-2CA3-F11D-0ED616297FFD}.Release|Any CPU.ActiveCfg = Release|Any CPU
		{DAA76D19-A4F0-2CA3-F11D-0ED616297FFD}.Release|Any CPU.Build.0 = Release|Any CPU
	EndGlobalSection
	GlobalSection(SolutionProperties) = preSolution
		HideSolutionNode = FALSE
	EndGlobalSection
	GlobalSection(MonoDevelopProperties) = preSolution
		StartupItem = Assembly-CSharp.csproj
	EndGlobalSection
EndGlobal
